
Microsoft Visual Studio Solution File, Format Version 12.00
# Visual Studio Version 17
VisualStudioVersion = 17.9.34607.119
MinimumVisualStudioVersion = 10.0.40219.1
Project("{FAE04EC0-301F-11D3-BF4B-00C04F79EFBC}") = "OOP_Laba4.2", "OOP_Laba4.2\OOP_Laba4.2.csproj", "{14C6EC0A-F489-465D-9F0C-68279AE8F82B}"
EndProject
Global
	GlobalSection(SolutionConfigurationPlatforms) = preSolution
		Debug|Any CPU = Debug|Any CPU
		Release|Any CPU = Release|Any CPU
	EndGlobalSection
	GlobalSection(ProjectConfigurationPlatforms) = postSolution
		{14C6EC0A-F489-465D-9F0C-68279AE8F82B}.Debug|Any CPU.ActiveCfg = Debug|Any CPU
		{14C6EC0A-F489-465D-9F0C-68279AE8F82B}.Debug|Any CPU.Build.0 = Debug|Any CPU
		{14C6EC0A-F489-465D-9F0C-68279AE8F82B}.Release|Any CPU.ActiveCfg = Release|Any CPU
		{14C6EC0A-F489-465D-9F0C-68279AE8F82B}.Release|Any CPU.Build.0 = Release|Any CPU
	EndGlobalSection
	GlobalSection(SolutionProperties) = preSolution
		HideSolutionNode = FALSE
	EndGlobalSection
	GlobalSection(ExtensibilityGlobals) = postSolution
		SolutionGuid = {F17F916F-6433-470D-996E-64150173C1D7}
	EndGlobalSection
EndGlobal
